
Microsoft Visual Studio Solution File, Format Version 12.00
# Visual Studio 15
VisualStudioVersion = 15.0.28307.1145
MinimumVisualStudioVersion = 10.0.40219.1
Project("{9A19103F-16F7-4668-BE54-9A1E7A4F7556}") = "ASP Dot Ner Core First App (Emloyee Project)", "ASP Dot Ner Core First App (Emloyee Project)\ASP Dot Ner Core First App (Emloyee Project).csproj", "{ED5341E4-A7BA-49B3-9801-FE24E03B40D3}"
EndProject
Global
	GlobalSection(SolutionConfigurationPlatforms) = preSolution
		Debug|Any CPU = Debug|Any CPU
		Release|Any CPU = Release|Any CPU
	EndGlobalSection
	GlobalSection(ProjectConfigurationPlatforms) = postSolution
		{ED5341E4-A7BA-49B3-9801-FE24E03B40D3}.Debug|Any CPU.ActiveCfg = Debug|Any CPU
		{ED5341E4-A7BA-49B3-9801-FE24E03B40D3}.Debug|Any CPU.Build.0 = Debug|Any CPU
		{ED5341E4-A7BA-49B3-9801-FE24E03B40D3}.Release|Any CPU.ActiveCfg = Release|Any CPU
		{ED5341E4-A7BA-49B3-9801-FE24E03B40D3}.Release|Any CPU.Build.0 = Release|Any CPU
	EndGlobalSection
	GlobalSection(SolutionProperties) = preSolution
		HideSolutionNode = FALSE
	EndGlobalSection
	GlobalSection(ExtensibilityGlobals) = postSolution
		SolutionGuid = {EEAAD571-7DB9-4244-A1A2-93A5EBCE35C9}
	EndGlobalSection
EndGlobal
